
Microsoft Visual Studio Solution File, Format Version 12.00
# Visual Studio Version 17
VisualStudioVersion = 17.2.32516.85
MinimumVisualStudioVersion = 10.0.40219.1
Project("{FAE04EC0-301F-11D3-BF4B-00C04F79EFBC}") = "HackerRankChallenges", "HackerRankChallenges\HackerRankChallenges.csproj", "{618ED752-80F3-49D5-98B1-CAC9F5E66468}"
EndProject
Global
	GlobalSection(SolutionConfigurationPlatforms) = preSolution
		Debug|Any CPU = Debug|Any CPU
		Release|Any CPU = Release|Any CPU
	EndGlobalSection
	GlobalSection(ProjectConfigurationPlatforms) = postSolution
		{618ED752-80F3-49D5-98B1-CAC9F5E66468}.Debug|Any CPU.ActiveCfg = Debug|Any CPU
		{618ED752-80F3-49D5-98B1-CAC9F5E66468}.Debug|Any CPU.Build.0 = Debug|Any CPU
		{618ED752-80F3-49D5-98B1-CAC9F5E66468}.Release|Any CPU.ActiveCfg = Release|Any CPU
		{618ED752-80F3-49D5-98B1-CAC9F5E66468}.Release|Any CPU.Build.0 = Release|Any CPU
	EndGlobalSection
	GlobalSection(SolutionProperties) = preSolution
		HideSolutionNode = FALSE
	EndGlobalSection
	GlobalSection(ExtensibilityGlobals) = postSolution
		SolutionGuid = {1B7E9CF2-C47A-45F8-A573-C04ABB673EE0}
	EndGlobalSection
EndGlobal
